
Microsoft Visual Studio Solution File, Format Version 12.00
# Visual Studio 15
VisualStudioVersion = 15.0.26124.0
MinimumVisualStudioVersion = 15.0.26124.0
Project("{2150E333-8FDC-42A3-9474-1A3956D46DE8}") = "src", "src", "{9B42C33E-EEE8-4E1C-B026-9E178322601F}"
EndProject
Project("{FAE04EC0-301F-11D3-BF4B-00C04F79EFBC}") = "fundamentalsLab", "src\DotnetBase\fundamentalsLab.csproj", "{288DA522-EDC3-4543-9AD2-4F6684358EA0}"
EndProject
Project("{FAE04EC0-301F-11D3-BF4B-00C04F79EFBC}") = "MiddlewareLab", "src\MiddlewareLab\MiddlewareLab.csproj", "{922FB703-968D-401B-93B5-C4B390BB23C0}"
EndProject
Project("{FAE04EC0-301F-11D3-BF4B-00C04F79EFBC}") = "IHostedImpelemntation", "src\IHostedImpelemntation\IHostedImpelemntation.csproj", "{71C2975A-AD06-4A7A-AAEA-8DE30B1770FE}"
EndProject
Project("{FAE04EC0-301F-11D3-BF4B-00C04F79EFBC}") = "ServicesLab", "src\ServicesLab\ServicesLab.csproj", "{65E3F2CE-6B45-4E19-8FA8-1FD623C32920}"
EndProject
Global
	GlobalSection(SolutionConfigurationPlatforms) = preSolution
		Debug|Any CPU = Debug|Any CPU
		Debug|x64 = Debug|x64
		Debug|x86 = Debug|x86
		Release|Any CPU = Release|Any CPU
		Release|x64 = Release|x64
		Release|x86 = Release|x86
	EndGlobalSection
	GlobalSection(SolutionProperties) = preSolution
		HideSolutionNode = FALSE
	EndGlobalSection
	GlobalSection(ProjectConfigurationPlatforms) = postSolution
		{288DA522-EDC3-4543-9AD2-4F6684358EA0}.Debug|Any CPU.ActiveCfg = Debug|Any CPU
		{288DA522-EDC3-4543-9AD2-4F6684358EA0}.Debug|Any CPU.Build.0 = Debug|Any CPU
		{288DA522-EDC3-4543-9AD2-4F6684358EA0}.Debug|x64.ActiveCfg = Debug|Any CPU
		{288DA522-EDC3-4543-9AD2-4F6684358EA0}.Debug|x64.Build.0 = Debug|Any CPU
		{288DA522-EDC3-4543-9AD2-4F6684358EA0}.Debug|x86.ActiveCfg = Debug|Any CPU
		{288DA522-EDC3-4543-9AD2-4F6684358EA0}.Debug|x86.Build.0 = Debug|Any CPU
		{288DA522-EDC3-4543-9AD2-4F6684358EA0}.Release|Any CPU.ActiveCfg = Release|Any CPU
		{288DA522-EDC3-4543-9AD2-4F6684358EA0}.Release|Any CPU.Build.0 = Release|Any CPU
		{288DA522-EDC3-4543-9AD2-4F6684358EA0}.Release|x64.ActiveCfg = Release|Any CPU
		{288DA522-EDC3-4543-9AD2-4F6684358EA0}.Release|x64.Build.0 = Release|Any CPU
		{288DA522-EDC3-4543-9AD2-4F6684358EA0}.Release|x86.ActiveCfg = Release|Any CPU
		{288DA522-EDC3-4543-9AD2-4F6684358EA0}.Release|x86.Build.0 = Release|Any CPU
		{922FB703-968D-401B-93B5-C4B390BB23C0}.Debug|Any CPU.ActiveCfg = Debug|Any CPU
		{922FB703-968D-401B-93B5-C4B390BB23C0}.Debug|Any CPU.Build.0 = Debug|Any CPU
		{922FB703-968D-401B-93B5-C4B390BB23C0}.Debug|x64.ActiveCfg = Debug|Any CPU
		{922FB703-968D-401B-93B5-C4B390BB23C0}.Debug|x64.Build.0 = Debug|Any CPU
		{922FB703-968D-401B-93B5-C4B390BB23C0}.Debug|x86.ActiveCfg = Debug|Any CPU
		{922FB703-968D-401B-93B5-C4B390BB23C0}.Debug|x86.Build.0 = Debug|Any CPU
		{922FB703-968D-401B-93B5-C4B390BB23C0}.Release|Any CPU.ActiveCfg = Release|Any CPU
		{922FB703-968D-401B-93B5-C4B390BB23C0}.Release|Any CPU.Build.0 = Release|Any CPU
		{922FB703-968D-401B-93B5-C4B390BB23C0}.Release|x64.ActiveCfg = Release|Any CPU
		{922FB703-968D-401B-93B5-C4B390BB23C0}.Release|x64.Build.0 = Release|Any CPU
		{922FB703-968D-401B-93B5-C4B390BB23C0}.Release|x86.ActiveCfg = Release|Any CPU
		{922FB703-968D-401B-93B5-C4B390BB23C0}.Release|x86.Build.0 = Release|Any CPU
		{71C2975A-AD06-4A7A-AAEA-8DE30B1770FE}.Debug|Any CPU.ActiveCfg = Debug|Any CPU
		{71C2975A-AD06-4A7A-AAEA-8DE30B1770FE}.Debug|Any CPU.Build.0 = Debug|Any CPU
		{71C2975A-AD06-4A7A-AAEA-8DE30B1770FE}.Debug|x64.ActiveCfg = Debug|Any CPU
		{71C2975A-AD06-4A7A-AAEA-8DE30B1770FE}.Debug|x64.Build.0 = Debug|Any CPU
		{71C2975A-AD06-4A7A-AAEA-8DE30B1770FE}.Debug|x86.ActiveCfg = Debug|Any CPU
		{71C2975A-AD06-4A7A-AAEA-8DE30B1770FE}.Debug|x86.Build.0 = Debug|Any CPU
		{71C2975A-AD06-4A7A-AAEA-8DE30B1770FE}.Release|Any CPU.ActiveCfg = Release|Any CPU
		{71C2975A-AD06-4A7A-AAEA-8DE30B1770FE}.Release|Any CPU.Build.0 = Release|Any CPU
		{71C2975A-AD06-4A7A-AAEA-8DE30B1770FE}.Release|x64.ActiveCfg = Release|Any CPU
		{71C2975A-AD06-4A7A-AAEA-8DE30B1770FE}.Release|x64.Build.0 = Release|Any CPU
		{71C2975A-AD06-4A7A-AAEA-8DE30B1770FE}.Release|x86.ActiveCfg = Release|Any CPU
		{71C2975A-AD06-4A7A-AAEA-8DE30B1770FE}.Release|x86.Build.0 = Release|Any CPU
		{65E3F2CE-6B45-4E19-8FA8-1FD623C32920}.Debug|Any CPU.ActiveCfg = Debug|Any CPU
		{65E3F2CE-6B45-4E19-8FA8-1FD623C32920}.Debug|Any CPU.Build.0 = Debug|Any CPU
		{65E3F2CE-6B45-4E19-8FA8-1FD623C32920}.Debug|x64.ActiveCfg = Debug|Any CPU
		{65E3F2CE-6B45-4E19-8FA8-1FD623C32920}.Debug|x64.Build.0 = Debug|Any CPU
		{65E3F2CE-6B45-4E19-8FA8-1FD623C32920}.Debug|x86.ActiveCfg = Debug|Any CPU
		{65E3F2CE-6B45-4E19-8FA8-1FD623C32920}.Debug|x86.Build.0 = Debug|Any CPU
		{65E3F2CE-6B45-4E19-8FA8-1FD623C32920}.Release|Any CPU.ActiveCfg = Release|Any CPU
		{65E3F2CE-6B45-4E19-8FA8-1FD623C32920}.Release|Any CPU.Build.0 = Release|Any CPU
		{65E3F2CE-6B45-4E19-8FA8-1FD623C32920}.Release|x64.ActiveCfg = Release|Any CPU
		{65E3F2CE-6B45-4E19-8FA8-1FD623C32920}.Release|x64.Build.0 = Release|Any CPU
		{65E3F2CE-6B45-4E19-8FA8-1FD623C32920}.Release|x86.ActiveCfg = Release|Any CPU
		{65E3F2CE-6B45-4E19-8FA8-1FD623C32920}.Release|x86.Build.0 = Release|Any CPU
	EndGlobalSection
	GlobalSection(NestedProjects) = preSolution
		{288DA522-EDC3-4543-9AD2-4F6684358EA0} = {9B42C33E-EEE8-4E1C-B026-9E178322601F}
		{922FB703-968D-401B-93B5-C4B390BB23C0} = {9B42C33E-EEE8-4E1C-B026-9E178322601F}
		{71C2975A-AD06-4A7A-AAEA-8DE30B1770FE} = {9B42C33E-EEE8-4E1C-B026-9E178322601F}
		{65E3F2CE-6B45-4E19-8FA8-1FD623C32920} = {9B42C33E-EEE8-4E1C-B026-9E178322601F}
	EndGlobalSection
EndGlobal
